{"pid": 41156, "kind": "hermes-gateway", "argv": ["/opt/venv/bin/hermes", "gateway", "restart"], "start_time": 311921718, "hermes_home": "/data", "scope": "telegram-bot-token", "identity_hash": "1d6144a274e74bfa", "metadata": {"platform": "telegram"}, "updated_at": "2026-09-01T14:42:45.329304+00:00", "profile": "default"}