{"pid": 50034, "kind": "hermes-gateway", "argv": ["/opt/venv/bin/hermes", "gateway", "run"], "start_time": 322608767, "hermes_home": "/data", "scope": "telegram-bot-token", "identity_hash": "1d6144a274e74bfa", "metadata": {"platform": "telegram"}, "updated_at": "2026-09-02T20:23:55.414326+00:00", "profile": "default"}